PODS:
  - Bolts/Tasks (1.2.0)
  - DynamicBlurView (1.0.5)
  - GPUImage (0.1.6)
  - MBProgressHUD (0.9.1)
  - Parse (1.7.5):
    - Bolts/Tasks (>= 1.2.0)

DEPENDENCIES:
  - DynamicBlurView
  - GPUImage (~> 0.1)
  - MBProgressHUD
  - Parse

SPEC CHECKSUMS:
  Bolts: d176cb1e0012175589e389a9db49b85e27787576
  DynamicBlurView: 206601da0e1345df364ba18651d3730e6eddc99c
  GPUImage: 4675ce4a5370ca92fcea8623b2a08b8f0c51b940
  MBProgressHUD: c47f2c166c126cf2ce36498d80f33e754d4e93ad
  Parse: 7c0f115eff3e0cea3fac08d50bda47154edb8832

COCOAPODS: 0.37.2
