// !$*UTF8*$!
{
	archiveVersion = 1;
	classes = {
	};
	objectVersion = 46;
	objects = {

/* Begin PBXBuildFile section */
		58053ED61B3C356400A92A19 /* ManagedPFObject.swift in Sources */ = {isa = PBXBuildFile; fileRef = 58053ED51B3C356400A92A19 /* ManagedPFObject.swift */; };
		587C4FD71B3AF7F00033C0A7 /* EABMenuView.xib in Resources */ = {isa = PBXBuildFile; fileRef = 587C4FD61B3AF7F00033C0A7 /* EABMenuView.xib */; };
		587C4FD91B3B006B0033C0A7 /* EABMenuView.swift in Sources */ = {isa = PBXBuildFile; fileRef = 587C4FD81B3B006B0033C0A7 /* EABMenuView.swift */; };
		58F0B1981B42D46400E87652 /* ShakeGesture.swift in Sources */ = {isa = PBXBuildFile; fileRef = 58F0B1971B42D46400E87652 /* ShakeGesture.swift */; };
		58F0B19A1B42EA1E00E87652 /* CoreMotion.framework in Frameworks */ = {isa = PBXBuildFile; fileRef = 58F0B1991B42EA1E00E87652 /* CoreMotion.framework */; };
		E8FE3CFC1B39A015005939DF /* AppDelegate.swift in Sources */ = {isa = PBXBuildFile; fileRef = E8FE3CFB1B39A015005939DF /* AppDelegate.swift */; };
		E8FE3CFE1B39A015005939DF /* ViewController.swift in Sources */ = {isa = PBXBuildFile; fileRef = E8FE3CFD1B39A015005939DF /* ViewController.swift */; };
		E8FE3D011B39A015005939DF /* Main.storyboard in Resources */ = {isa = PBXBuildFile; fileRef = E8FE3CFF1B39A015005939DF /* Main.storyboard */; };
		E8FE3D031B39A015005939DF /* Images.xcassets in Resources */ = {isa = PBXBuildFile; fileRef = E8FE3D021B39A015005939DF /* Images.xcassets */; };
		E8FE3D061B39A015005939DF /* LaunchScreen.xib in Resources */ = {isa = PBXBuildFile; fileRef = E8FE3D041B39A015005939DF /* LaunchScreen.xib */; };
		E8FE3D121B39A015005939DF /* Eggs_And_BaconTests.swift in Sources */ = {isa = PBXBuildFile; fileRef = E8FE3D111B39A015005939DF /* Eggs_And_BaconTests.swift */; };
		E8FE3D211B39B5BF005939DF /* Satisfy-Regular.ttf in Resources */ = {isa = PBXBuildFile; fileRef = E8FE3D201B39B5BF005939DF /* Satisfy-Regular.ttf */; };
		E8FE3D231B39B7A5005939DF /* model.png in Resources */ = {isa = PBXBuildFile; fileRef = E8FE3D221B39B7A5005939DF /* model.png */; };
		E8FE3D251B39B7EB005939DF /* menuIcon.png in Resources */ = {isa = PBXBuildFile; fileRef = E8FE3D241B39B7EB005939DF /* menuIcon.png */; };
		FBDF7590250702E9D8E4BF70 /* Pods_Eggs_And_Bacon.framework in Frameworks */ = {isa = PBXBuildFile; fileRef = 1D26655A3D8DA0FE81F16AD0 /* Pods_Eggs_And_Bacon.framework */; settings = {ATTRIBUTES = (Weak, ); }; };
/* End PBXBuildFile section */

/* Begin PBXContainerItemProxy section */
		E8FE3D0C1B39A015005939DF /* PBXContainerItemProxy */ = {
			isa = PBXContainerItemProxy;
			containerPortal = E8FE3CEE1B39A015005939DF /* Project object */;
			proxyType = 1;
			remoteGlobalIDString = E8FE3CF51B39A015005939DF;
			remoteInfo = "Eggs And Bacon";
		};
/* End PBXContainerItemProxy section */

/* Begin PBXFileReference section */
		1D26655A3D8DA0FE81F16AD0 /* Pods_Eggs_And_Bacon.framework */ = {isa = PBXFileReference; explicitFileType = wrapper.framework; includeInIndex = 0; path = Pods_Eggs_And_Bacon.framework; sourceTree = BUILT_PRODUCTS_DIR; };
		2996A33FE2612CF547BF1C99 /* Pods-Eggs And Bacon.debug.xcconfig */ = {isa = PBXFileReference; includeInIndex = 1; lastKnownFileType = text.xcconfig; name = "Pods-Eggs And Bacon.debug.xcconfig"; path = "Pods/Target Support Files/Pods-Eggs And Bacon/Pods-Eggs And Bacon.debug.xcconfig"; sourceTree = "<group>"; };
		58053ED51B3C356400A92A19 /* ManagedPFObject.swift */ = {isa = PBXFileReference; fileEncoding = 4; lastKnownFileType = sourcecode.swift; path = ManagedPFObject.swift; sourceTree = "<group>"; };
		587C4FD61B3AF7F00033C0A7 /* EABMenuView.xib */ = {isa = PBXFileReference; fileEncoding = 4; lastKnownFileType = file.xib; path = EABMenuView.xib; sourceTree = "<group>"; };
		587C4FD81B3B006B0033C0A7 /* EABMenuView.swift */ = {isa = PBXFileReference; fileEncoding = 4; lastKnownFileType = sourcecode.swift; path = EABMenuView.swift; sourceTree = "<group>"; };
		58DD687B1B39E6520012BCFF /* Eggs And Bacon-Bridging-Header.h */ = {isa = PBXFileReference; lastKnownFileType = sourcecode.c.h; path = "Eggs And Bacon-Bridging-Header.h"; sourceTree = "<group>"; };
		58F0B1971B42D46400E87652 /* ShakeGesture.swift */ = {isa = PBXFileReference; fileEncoding = 4; lastKnownFileType = sourcecode.swift; path = ShakeGesture.swift; sourceTree = "<group>"; };
		58F0B1991B42EA1E00E87652 /* CoreMotion.framework */ = {isa = PBXFileReference; lastKnownFileType = wrapper.framework; name = CoreMotion.framework; path = System/Library/Frameworks/CoreMotion.framework; sourceTree = SDKROOT; };
		66266576EC30B50F1B681F03 /* Pods-Eggs And Bacon.release.xcconfig */ = {isa = PBXFileReference; includeInIndex = 1; lastKnownFileType = text.xcconfig; name = "Pods-Eggs And Bacon.release.xcconfig"; path = "Pods/Target Support Files/Pods-Eggs And Bacon/Pods-Eggs And Bacon.release.xcconfig"; sourceTree = "<group>"; };
		E8FE3CF61B39A015005939DF /* Eggs And Bacon.app */ = {isa = PBXFileReference; explicitFileType = wrapper.application; includeInIndex = 0; path = "Eggs And Bacon.app"; sourceTree = BUILT_PRODUCTS_DIR; };
		E8FE3CFA1B39A015005939DF /* Info.plist */ = {isa = PBXFileReference; lastKnownFileType = text.plist.xml; path = Info.plist; sourceTree = "<group>"; };
		E8FE3CFB1B39A015005939DF /* AppDelegate.swift */ = {isa = PBXFileReference; lastKnownFileType = sourcecode.swift; path = AppDelegate.swift; sourceTree = "<group>"; };
		E8FE3CFD1B39A015005939DF /* ViewController.swift */ = {isa = PBXFileReference; lastKnownFileType = sourcecode.swift; path = ViewController.swift; sourceTree = "<group>"; };
		E8FE3D001B39A015005939DF /* Base */ = {isa = PBXFileReference; lastKnownFileType = file.storyboard; name = Base; path = Base.lproj/Main.storyboard; sourceTree = "<group>"; };
		E8FE3D021B39A015005939DF /* Images.xcassets */ = {isa = PBXFileReference; lastKnownFileType = folder.assetcatalog; path = Images.xcassets; sourceTree = "<group>"; };
		E8FE3D051B39A015005939DF /* Base */ = {isa = PBXFileReference; lastKnownFileType = file.xib; name = Base; path = Base.lproj/LaunchScreen.xib; sourceTree = "<group>"; };
		E8FE3D0B1B39A015005939DF /* Eggs And BaconTests.xctest */ = {isa = PBXFileReference; explicitFileType = wrapper.cfbundle; includeInIndex = 0; path = "Eggs And BaconTests.xctest"; sourceTree = BUILT_PRODUCTS_DIR; };
		E8FE3D101B39A015005939DF /* Info.plist */ = {isa = PBXFileReference; lastKnownFileType = text.plist.xml; path = Info.plist; sourceTree = "<group>"; };
		E8FE3D111B39A015005939DF /* Eggs_And_BaconTests.swift */ = {isa = PBXFileReference; lastKnownFileType = sourcecode.swift; path = Eggs_And_BaconTests.swift; sourceTree = "<group>"; };
		E8FE3D201B39B5BF005939DF /* Satisfy-Regular.ttf */ = {isa = PBXFileReference; lastKnownFileType = file; path = "Satisfy-Regular.ttf"; sourceTree = "<group>"; };
		E8FE3D221B39B7A5005939DF /* model.png */ = {isa = PBXFileReference; lastKnownFileType = image.png; path = model.png; sourceTree = "<group>"; };
		E8FE3D241B39B7EB005939DF /* menuIcon.png */ = {isa = PBXFileReference; lastKnownFileType = image.png; path = menuIcon.png; sourceTree = "<group>"; };
/* End PBXFileReference section */

/* Begin PBXFrameworksBuildPhase section */
		E8FE3CF31B39A015005939DF /* Frameworks */ = {
			isa = PBXFrameworksBuildPhase;
			buildActionMask = 2147483647;
			files = (
				58F0B19A1B42EA1E00E87652 /* CoreMotion.framework in Frameworks */,
				FBDF7590250702E9D8E4BF70 /* Pods_Eggs_And_Bacon.framework in Frameworks */,
			);
			runOnlyForDeploymentPostprocessing = 0;
		};
		E8FE3D081B39A015005939DF /* Frameworks */ = {
			isa = PBXFrameworksBuildPhase;
			buildActionMask = 2147483647;
			files = (
			);
			runOnlyForDeploymentPostprocessing = 0;
		};
/* End PBXFrameworksBuildPhase section */

/* Begin PBXGroup section */
		2926D71EB46B4A89FCFB49F8 /* Pods */ = {
			isa = PBXGroup;
			children = (
				2996A33FE2612CF547BF1C99 /* Pods-Eggs And Bacon.debug.xcconfig */,
				66266576EC30B50F1B681F03 /* Pods-Eggs And Bacon.release.xcconfig */,
			);
			name = Pods;
			sourceTree = "<group>";
		};
		DB0BC18A93A650664CD2F34B /* Frameworks */ = {
			isa = PBXGroup;
			children = (
				58F0B1991B42EA1E00E87652 /* CoreMotion.framework */,
				1D26655A3D8DA0FE81F16AD0 /* Pods_Eggs_And_Bacon.framework */,
			);
			name = Frameworks;
			sourceTree = "<group>";
		};
		E8FE3CED1B39A015005939DF = {
			isa = PBXGroup;
			children = (
				E8FE3CF81B39A015005939DF /* Eggs And Bacon */,
				E8FE3D0E1B39A015005939DF /* Eggs And BaconTests */,
				E8FE3CF71B39A015005939DF /* Products */,
				2926D71EB46B4A89FCFB49F8 /* Pods */,
				DB0BC18A93A650664CD2F34B /* Frameworks */,
			);
			sourceTree = "<group>";
		};
		E8FE3CF71B39A015005939DF /* Products */ = {
			isa = PBXGroup;
			children = (
				E8FE3CF61B39A015005939DF /* Eggs And Bacon.app */,
				E8FE3D0B1B39A015005939DF /* Eggs And BaconTests.xctest */,
			);
			name = Products;
			sourceTree = "<group>";
		};
		E8FE3CF81B39A015005939DF /* Eggs And Bacon */ = {
			isa = PBXGroup;
			children = (
				E8FE3D1D1B39A02B005939DF /* Models */,
				E8FE3D1C1B39A027005939DF /* Views */,
				E8FE3D1B1B39A021005939DF /* Controllers */,
				E8FE3CF91B39A015005939DF /* Supporting Files */,
			);
			path = "Eggs And Bacon";
			sourceTree = "<group>";
		};
		E8FE3CF91B39A015005939DF /* Supporting Files */ = {
			isa = PBXGroup;
			children = (
				E8FE3D221B39B7A5005939DF /* model.png */,
				E8FE3D201B39B5BF005939DF /* Satisfy-Regular.ttf */,
				E8FE3D241B39B7EB005939DF /* menuIcon.png */,
				E8FE3CFA1B39A015005939DF /* Info.plist */,
			);
			name = "Supporting Files";
			sourceTree = "<group>";
		};
		E8FE3D0E1B39A015005939DF /* Eggs And BaconTests */ = {
			isa = PBXGroup;
			children = (
				E8FE3D111B39A015005939DF /* Eggs_And_BaconTests.swift */,
				E8FE3D0F1B39A015005939DF /* Supporting Files */,
			);
			path = "Eggs And BaconTests";
			sourceTree = "<group>";
		};
		E8FE3D0F1B39A015005939DF /* Supporting Files */ = {
			isa = PBXGroup;
			children = (
				E8FE3D101B39A015005939DF /* Info.plist */,
			);
			name = "Supporting Files";
			sourceTree = "<group>";
		};
		E8FE3D1B1B39A021005939DF /* Controllers */ = {
			isa = PBXGroup;
			children = (
				E8FE3CFB1B39A015005939DF /* AppDelegate.swift */,
				E8FE3CFD1B39A015005939DF /* ViewController.swift */,
				58DD687B1B39E6520012BCFF /* Eggs And Bacon-Bridging-Header.h */,
			);
			name = Controllers;
			sourceTree = "<group>";
		};
		E8FE3D1C1B39A027005939DF /* Views */ = {
			isa = PBXGroup;
			children = (
				E8FE3CFF1B39A015005939DF /* Main.storyboard */,
				E8FE3D041B39A015005939DF /* LaunchScreen.xib */,
				E8FE3D021B39A015005939DF /* Images.xcassets */,
				587C4FD61B3AF7F00033C0A7 /* EABMenuView.xib */,
				587C4FD81B3B006B0033C0A7 /* EABMenuView.swift */,
			);
			name = Views;
			sourceTree = "<group>";
		};
		E8FE3D1D1B39A02B005939DF /* Models */ = {
			isa = PBXGroup;
			children = (
				58053ED51B3C356400A92A19 /* ManagedPFObject.swift */,
				58F0B1971B42D46400E87652 /* ShakeGesture.swift */,
			);
			name = Models;
			sourceTree = "<group>";
		};
/* End PBXGroup section */

/* Begin PBXNativeTarget section */
		E8FE3CF51B39A015005939DF /* Eggs And Bacon */ = {
			isa = PBXNativeTarget;
			buildConfigurationList = E8FE3D151B39A015005939DF /* Build configuration list for PBXNativeTarget "Eggs And Bacon" */;
			buildPhases = (
				A6F61EA2562EAC7F87779DD0 /* Check Pods Manifest.lock */,
				E8FE3CF21B39A015005939DF /* Sources */,
				E8FE3CF31B39A015005939DF /* Frameworks */,
				E8FE3CF41B39A015005939DF /* Resources */,
				57BA7827FE4639EC984C0617 /* Copy Pods Resources */,
				A306C4FEAA5ACFA711B646A6 /* Embed Pods Frameworks */,
			);
			buildRules = (
			);
			dependencies = (
			);
			name = "Eggs And Bacon";
			productName = "Eggs And Bacon";
			productReference = E8FE3CF61B39A015005939DF /* Eggs And Bacon.app */;
			productType = "com.apple.product-type.application";
		};
		E8FE3D0A1B39A015005939DF /* Eggs And BaconTests */ = {
			isa = PBXNativeTarget;
			buildConfigurationList = E8FE3D181B39A015005939DF /* Build configuration list for PBXNativeTarget "Eggs And BaconTests" */;
			buildPhases = (
				E8FE3D071B39A015005939DF /* Sources */,
				E8FE3D081B39A015005939DF /* Frameworks */,
				E8FE3D091B39A015005939DF /* Resources */,
			);
			buildRules = (
			);
			dependencies = (
				E8FE3D0D1B39A015005939DF /* PBXTargetDependency */,
			);
			name = "Eggs And BaconTests";
			productName = "Eggs And BaconTests";
			productReference = E8FE3D0B1B39A015005939DF /* Eggs And BaconTests.xctest */;
			productType = "com.apple.product-type.bundle.unit-test";
		};
/* End PBXNativeTarget section */

/* Begin PBXProject section */
		E8FE3CEE1B39A015005939DF /* Project object */ = {
			isa = PBXProject;
			attributes = {
				LastUpgradeCheck = 0630;
				ORGANIZATIONNAME = "Nyu Web Developpement";
				TargetAttributes = {
					E8FE3CF51B39A015005939DF = {
						CreatedOnToolsVersion = 6.3.2;
						DevelopmentTeam = PHAN4JE4T7;
						SystemCapabilities = {
							com.apple.BackgroundModes = {
								enabled = 1;
							};
						};
					};
					E8FE3D0A1B39A015005939DF = {
						CreatedOnToolsVersion = 6.3.2;
						TestTargetID = E8FE3CF51B39A015005939DF;
					};
				};
			};
			buildConfigurationList = E8FE3CF11B39A015005939DF /* Build configuration list for PBXProject "Eggs And Bacon" */;
			compatibilityVersion = "Xcode 3.2";
			developmentRegion = English;
			hasScannedForEncodings = 0;
			knownRegions = (
				en,
				Base,
			);
			mainGroup = E8FE3CED1B39A015005939DF;
			productRefGroup = E8FE3CF71B39A015005939DF /* Products */;
			projectDirPath = "";
			projectRoot = "";
			targets = (
				E8FE3CF51B39A015005939DF /* Eggs And Bacon */,
				E8FE3D0A1B39A015005939DF /* Eggs And BaconTests */,
			);
		};
/* End PBXProject section */

/* Begin PBXResourcesBuildPhase section */
		E8FE3CF41B39A015005939DF /* Resources */ = {
			isa = PBXResourcesBuildPhase;
			buildActionMask = 2147483647;
			files = (
				587C4FD71B3AF7F00033C0A7 /* EABMenuView.xib in Resources */,
				E8FE3D011B39A015005939DF /* Main.storyboard in Resources */,
				E8FE3D251B39B7EB005939DF /* menuIcon.png in Resources */,
				E8FE3D211B39B5BF005939DF /* Satisfy-Regular.ttf in Resources */,
				E8FE3D231B39B7A5005939DF /* model.png in Resources */,
				E8FE3D061B39A015005939DF /* LaunchScreen.xib in Resources */,
				E8FE3D031B39A015005939DF /* Images.xcassets in Resources */,
			);
			runOnlyForDeploymentPostprocessing = 0;
		};
		E8FE3D091B39A015005939DF /* Resources */ = {
			isa = PBXResourcesBuildPhase;
			buildActionMask = 2147483647;
			files = (
			);
			runOnlyForDeploymentPostprocessing = 0;
		};
/* End PBXResourcesBuildPhase section */

/* Begin PBXShellScriptBuildPhase section */
		57BA7827FE4639EC984C0617 /* Copy Pods Resources */ = {
			isa = PBXShellScriptBuildPhase;
			buildActionMask = 2147483647;
			files = (
			);
			inputPaths = (
			);
			name = "Copy Pods Resources";
			outputPaths = (
			);
			runOnlyForDeploymentPostprocessing = 0;
			shellPath = /bin/sh;
			shellScript = "\"${SRCROOT}/Pods/Target Support Files/Pods-Eggs And Bacon/Pods-Eggs And Bacon-resources.sh\"\n";
			showEnvVarsInLog = 0;
		};
		A306C4FEAA5ACFA711B646A6 /* Embed Pods Frameworks */ = {
			isa = PBXShellScriptBuildPhase;
			buildActionMask = 2147483647;
			files = (
			);
			inputPaths = (
			);
			name = "Embed Pods Frameworks";
			outputPaths = (
			);
			runOnlyForDeploymentPostprocessing = 0;
			shellPath = /bin/sh;
			shellScript = "\"${SRCROOT}/Pods/Target Support Files/Pods-Eggs And Bacon/Pods-Eggs And Bacon-frameworks.sh\"\n";
			showEnvVarsInLog = 0;
		};
		A6F61EA2562EAC7F87779DD0 /* Check Pods Manifest.lock */ = {
			isa = PBXShellScriptBuildPhase;
			buildActionMask = 2147483647;
			files = (
			);
			inputPaths = (
			);
			name = "Check Pods Manifest.lock";
			outputPaths = (
			);
			runOnlyForDeploymentPostprocessing = 0;
			shellPath = /bin/sh;
			shellScript = "diff \"${PODS_ROOT}/../Podfile.lock\" \"${PODS_ROOT}/Manifest.lock\" > /dev/null\nif [[ $? != 0 ]] ; then\n    cat << EOM\nerror: The sandbox is not in sync with the Podfile.lock. Run 'pod install' or update your CocoaPods installation.\nEOM\n    exit 1\nfi\n";
			showEnvVarsInLog = 0;
		};
/* End PBXShellScriptBuildPhase section */

/* Begin PBXSourcesBuildPhase section */
		E8FE3CF21B39A015005939DF /* Sources */ = {
			isa = PBXSourcesBuildPhase;
			buildActionMask = 2147483647;
			files = (
				58053ED61B3C356400A92A19 /* ManagedPFObject.swift in Sources */,
				58F0B1981B42D46400E87652 /* ShakeGesture.swift in Sources */,
				587C4FD91B3B006B0033C0A7 /* EABMenuView.swift in Sources */,
				E8FE3CFE1B39A015005939DF /* ViewController.swift in Sources */,
				E8FE3CFC1B39A015005939DF /* AppDelegate.swift in Sources */,
			);
			runOnlyForDeploymentPostprocessing = 0;
		};
		E8FE3D071B39A015005939DF /* Sources */ = {
			isa = PBXSourcesBuildPhase;
			buildActionMask = 2147483647;
			files = (
				E8FE3D121B39A015005939DF /* Eggs_And_BaconTests.swift in Sources */,
			);
			runOnlyForDeploymentPostprocessing = 0;
		};
/* End PBXSourcesBuildPhase section */

/* Begin PBXTargetDependency section */
		E8FE3D0D1B39A015005939DF /* PBXTargetDependency */ = {
			isa = PBXTargetDependency;
			target = E8FE3CF51B39A015005939DF /* Eggs And Bacon */;
			targetProxy = E8FE3D0C1B39A015005939DF /* PBXContainerItemProxy */;
		};
/* End PBXTargetDependency section */

/* Begin PBXVariantGroup section */
		E8FE3CFF1B39A015005939DF /* Main.storyboard */ = {
			isa = PBXVariantGroup;
			children = (
				E8FE3D001B39A015005939DF /* Base */,
			);
			name = Main.storyboard;
			sourceTree = "<group>";
		};
		E8FE3D041B39A015005939DF /* LaunchScreen.xib */ = {
			isa = PBXVariantGroup;
			children = (
				E8FE3D051B39A015005939DF /* Base */,
			);
			name = LaunchScreen.xib;
			sourceTree = "<group>";
		};
/* End PBXVariantGroup section */

/* Begin XCBuildConfiguration section */
		E8FE3D131B39A015005939DF /* Debug */ = {
			isa = XCBuildConfiguration;
			buildSettings = {
				ALWAYS_SEARCH_USER_PATHS = NO;
				CLANG_CXX_LANGUAGE_STANDARD = "gnu++0x";
				CLANG_CXX_LIBRARY = "libc++";
				CLANG_ENABLE_MODULES = YES;
				CLANG_ENABLE_OBJC_ARC = YES;
				CLANG_WARN_BOOL_CONVERSION = YES;
				CLANG_WARN_CONSTANT_CONVERSION = YES;
				CLANG_WARN_DIRECT_OBJC_ISA_USAGE = YES_ERROR;
				CLANG_WARN_EMPTY_BODY = YES;
				CLANG_WARN_ENUM_CONVERSION = YES;
				CLANG_WARN_INT_CONVERSION = YES;
				CLANG_WARN_OBJC_ROOT_CLASS = YES_ERROR;
				CLANG_WARN_UNREACHABLE_CODE = YES;
				CLANG_WARN__DUPLICATE_METHOD_MATCH = YES;
				"CODE_SIGN_IDENTITY[sdk=iphoneos*]" = "iPhone Developer";
				COPY_PHASE_STRIP = NO;
				DEBUG_INFORMATION_FORMAT = "dwarf-with-dsym";
				ENABLE_STRICT_OBJC_MSGSEND = YES;
				GCC_C_LANGUAGE_STANDARD = gnu99;
				GCC_DYNAMIC_NO_PIC = NO;
				GCC_NO_COMMON_BLOCKS = YES;
				GCC_OPTIMIZATION_LEVEL = 0;
				GCC_PREPROCESSOR_DEFINITIONS = (
					"DEBUG=1",
					"$(inherited)",
				);
				GCC_SYMBOLS_PRIVATE_EXTERN = NO;
				GCC_WARN_64_TO_32_BIT_CONVERSION = YES;
				GCC_WARN_ABOUT_RETURN_TYPE = YES_ERROR;
				GCC_WARN_UNDECLARED_SELECTOR = YES;
				GCC_WARN_UNINITIALIZED_AUTOS = YES_AGGRESSIVE;
				GCC_WARN_UNUSED_FUNCTION = YES;
				GCC_WARN_UNUSED_VARIABLE = YES;
				IPHONEOS_DEPLOYMENT_TARGET = 8.3;
				MTL_ENABLE_DEBUG_INFO = YES;
				ONLY_ACTIVE_ARCH = YES;
				SDKROOT = iphoneos;
				SWIFT_OPTIMIZATION_LEVEL = "-Onone";
			};
			name = Debug;
		};
		E8FE3D141B39A015005939DF /* Release */ = {
			isa = XCBuildConfiguration;
			buildSettings = {
				ALWAYS_SEARCH_USER_PATHS = NO;
				CLANG_CXX_LANGUAGE_STANDARD = "gnu++0x";
				CLANG_CXX_LIBRARY = "libc++";
				CLANG_ENABLE_MODULES = YES;
				CLANG_ENABLE_OBJC_ARC = YES;
				CLANG_WARN_BOOL_CONVERSION = YES;
				CLANG_WARN_CONSTANT_CONVERSION = YES;
				CLANG_WARN_DIRECT_OBJC_ISA_USAGE = YES_ERROR;
				CLANG_WARN_EMPTY_BODY = YES;
				CLANG_WARN_ENUM_CONVERSION = YES;
				CLANG_WARN_INT_CONVERSION = YES;
				CLANG_WARN_OBJC_ROOT_CLASS = YES_ERROR;
				CLANG_WARN_UNREACHABLE_CODE = YES;
				CLANG_WARN__DUPLICATE_METHOD_MATCH = YES;
				"CODE_SIGN_IDENTITY[sdk=iphoneos*]" = "iPhone Developer";
				COPY_PHASE_STRIP = NO;
				DEBUG_INFORMATION_FORMAT = "dwarf-with-dsym";
				ENABLE_NS_ASSERTIONS = NO;
				ENABLE_STRICT_OBJC_MSGSEND = YES;
				GCC_C_LANGUAGE_STANDARD = gnu99;
				GCC_NO_COMMON_BLOCKS = YES;
				GCC_WARN_64_TO_32_BIT_CONVERSION = YES;
				GCC_WARN_ABOUT_RETURN_TYPE = YES_ERROR;
				GCC_WARN_UNDECLARED_SELECTOR = YES;
				GCC_WARN_UNINITIALIZED_AUTOS = YES_AGGRESSIVE;
				GCC_WARN_UNUSED_FUNCTION = YES;
				GCC_WARN_UNUSED_VARIABLE = YES;
				IPHONEOS_DEPLOYMENT_TARGET = 8.3;
				MTL_ENABLE_DEBUG_INFO = NO;
				SDKROOT = iphoneos;
				VALIDATE_PRODUCT = YES;
			};
			name = Release;
		};
		E8FE3D161B39A015005939DF /* Debug */ = {
			isa = XCBuildConfiguration;
			baseConfigurationReference = 2996A33FE2612CF547BF1C99 /* Pods-Eggs And Bacon.debug.xcconfig */;
			buildSettings = {
				ASSETCATALOG_COMPILER_APPICON_NAME = AppIcon;
				CLANG_ENABLE_MODULES = YES;
				CODE_SIGN_IDENTITY = "iPhone Developer";
				FRAMEWORK_SEARCH_PATHS = (
					"$(inherited)",
					"$(PROJECT_DIR)",
				);
				INFOPLIST_FILE = "Eggs And Bacon/Info.plist";
				IPHONEOS_DEPLOYMENT_TARGET = 8.0;
				LD_RUNPATH_SEARCH_PATHS = "$(inherited) @executable_path/Frameworks";
				PRODUCT_NAME = "$(TARGET_NAME)";
				PROVISIONING_PROFILE = "";
				SWIFT_OBJC_BRIDGING_HEADER = "Eggs And Bacon/Eggs And Bacon-Bridging-Header.h";
				SWIFT_OPTIMIZATION_LEVEL = "-Onone";
				TARGETED_DEVICE_FAMILY = "1,2";
			};
			name = Debug;
		};
		E8FE3D171B39A015005939DF /* Release */ = {
			isa = XCBuildConfiguration;
			baseConfigurationReference = 66266576EC30B50F1B681F03 /* Pods-Eggs And Bacon.release.xcconfig */;
			buildSettings = {
				ASSETCATALOG_COMPILER_APPICON_NAME = AppIcon;
				CLANG_ENABLE_MODULES = YES;
				CODE_SIGN_IDENTITY = "iPhone Developer";
				FRAMEWORK_SEARCH_PATHS = (
					"$(inherited)",
					"$(PROJECT_DIR)",
				);
				INFOPLIST_FILE = "Eggs And Bacon/Info.plist";
				IPHONEOS_DEPLOYMENT_TARGET = 8.0;
				LD_RUNPATH_SEARCH_PATHS = "$(inherited) @executable_path/Frameworks";
				PRODUCT_NAME = "$(TARGET_NAME)";
				PROVISIONING_PROFILE = "";
				SWIFT_OBJC_BRIDGING_HEADER = "Eggs And Bacon/Eggs And Bacon-Bridging-Header.h";
				TARGETED_DEVICE_FAMILY = "1,2";
			};
			name = Release;
		};
		E8FE3D191B39A015005939DF /* Debug */ = {
			isa = XCBuildConfiguration;
			buildSettings = {
				BUNDLE_LOADER = "$(TEST_HOST)";
				FRAMEWORK_SEARCH_PATHS = (
					"$(SDKROOT)/Developer/Library/Frameworks",
					"$(inherited)",
				);
				GCC_PREPROCESSOR_DEFINITIONS = (
					"DEBUG=1",
					"$(inherited)",
				);
				INFOPLIST_FILE = "Eggs And BaconTests/Info.plist";
				LD_RUNPATH_SEARCH_PATHS = "$(inherited) @executable_path/Frameworks @loader_path/Frameworks";
				PRODUCT_NAME = "$(TARGET_NAME)";
				TEST_HOST = "$(BUILT_PRODUCTS_DIR)/Eggs And Bacon.app/Eggs And Bacon";
			};
			name = Debug;
		};
		E8FE3D1A1B39A015005939DF /* Release */ = {
			isa = XCBuildConfiguration;
			buildSettings = {
				BUNDLE_LOADER = "$(TEST_HOST)";
				FRAMEWORK_SEARCH_PATHS = (
					"$(SDKROOT)/Developer/Library/Frameworks",
					"$(inherited)",
				);
				INFOPLIST_FILE = "Eggs And BaconTests/Info.plist";
				LD_RUNPATH_SEARCH_PATHS = "$(inherited) @executable_path/Frameworks @loader_path/Frameworks";
				PRODUCT_NAME = "$(TARGET_NAME)";
				TEST_HOST = "$(BUILT_PRODUCTS_DIR)/Eggs And Bacon.app/Eggs And Bacon";
			};
			name = Release;
		};
/* End XCBuildConfiguration section */

/* Begin XCConfigurationList section */
		E8FE3CF11B39A015005939DF /* Build configuration list for PBXProject "Eggs And Bacon" */ = {
			isa = XCConfigurationList;
			buildConfigurations = (
				E8FE3D131B39A015005939DF /* Debug */,
				E8FE3D141B39A015005939DF /* Release */,
			);
			defaultConfigurationIsVisible = 0;
			defaultConfigurationName = Release;
		};
		E8FE3D151B39A015005939DF /* Build configuration list for PBXNativeTarget "Eggs And Bacon" */ = {
			isa = XCConfigurationList;
			buildConfigurations = (
				E8FE3D161B39A015005939DF /* Debug */,
				E8FE3D171B39A015005939DF /* Release */,
			);
			defaultConfigurationIsVisible = 0;
			defaultConfigurationName = Release;
		};
		E8FE3D181B39A015005939DF /* Build configuration list for PBXNativeTarget "Eggs And BaconTests" */ = {
			isa = XCConfigurationList;
			buildConfigurations = (
				E8FE3D191B39A015005939DF /* Debug */,
				E8FE3D1A1B39A015005939DF /* Release */,
			);
			defaultConfigurationIsVisible = 0;
			defaultConfigurationName = Release;
		};
/* End XCConfigurationList section */
	};
	rootObject = E8FE3CEE1B39A015005939DF /* Project object */;
}
